<?xml version="1.0" encoding="utf-8"?>
<Project ToolsVersion="4.0" xmlns="http://schemas.microsoft.com/developer/msbuild/2003">
  <ItemGroup>
    <Filter Include="源文件">
      <UniqueIdentifier>{4FC737F1-C7A5-4376-A066-2A32D752A2FF}</UniqueIdentifier>
      <Extensions>cpp;c;cc;cxx;def;odl;idl;hpj;bat;asm;asmx</Extensions>
    </Filter>
    <Filter Include="头文件">
      <UniqueIdentifier>{93995380-89BD-4b04-88EB-625FBE52EBFB}</UniqueIdentifier>
      <Extensions>h;hpp;hxx;hm;inl;inc;xsd</Extensions>
    </Filter>
    <Filter Include="资源文件">
      <UniqueIdentifier>{67DA6AB6-F800-4c08-8B7A-83BB121AAD01}</UniqueIdentifier>
      <Extensions>rc;ico;cur;bmp;dlg;rc2;rct;bin;rgs;gif;jpg;jpeg;jpe;resx;tiff;tif;png;wav;mfcribbon-ms</Extensions>
    </Filter>
  </ItemGroup>
  <ItemGroup>
    <ClInclude Include="commonType.h">
      <Filter>头文件</Filter>
    </ClInclude>
    <ClInclude Include="Page.h">
      <Filter>头文件</Filter>
    </ClInclude>
    <ClInclude Include="Db.h">
      <Filter>头文件</Filter>
    </ClInclude>
    <ClInclude Include="PageState.h">
      <Filter>头文件</Filter>
    </ClInclude>
    <ClInclude Include="DataRow.h">
      <Filter>头文件</Filter>
    </ClInclude>
    <ClInclude Include="PageCache.h">
      <Filter>头文件</Filter>
    </ClInclude>
    <ClInclude Include="DList.h">
      <Filter>头文件</Filter>
    </ClInclude>
    <ClInclude Include="HashSet.h">
      <Filter>头文件</Filter>
    </ClInclude>
    <ClInclude Include="util.h">
      <Filter>头文件</Filter>
    </ClInclude>
    <ClInclude Include="vCode.h">
      <Filter>头文件</Filter>
    </ClInclude>
    <ClInclude Include="vector.h">
      <Filter>头文件</Filter>
    </ClInclude>
    <ClInclude Include="vHash.h">
      <Filter>头文件</Filter>
    </ClInclude>
    <ClInclude Include="PageManager.h">
      <Filter>头文件</Filter>
    </ClInclude>
    <ClInclude Include="const.h">
      <Filter>头文件</Filter>
    </ClInclude>
    <ClInclude Include="Btree.h">
      <Filter>头文件</Filter>
    </ClInclude>
    <ClInclude Include="Value.h">
      <Filter>头文件</Filter>
    </ClInclude>
    <ClInclude Include="Hashtable.h">
      <Filter>头文件</Filter>
    </ClInclude>
    <ClInclude Include="DbFile.h">
      <Filter>头文件</Filter>
    </ClInclude>
    <ClInclude Include="String.h">
      <Filter>头文件</Filter>
    </ClInclude>
    <ClInclude Include="ByteOrder.h">
      <Filter>头文件</Filter>
    </ClInclude>
    <ClInclude Include="StrBuilder.h">
      <Filter>头文件</Filter>
    </ClInclude>
    <ClInclude Include="smartptrs.h">
      <Filter>头文件</Filter>
    </ClInclude>
    <ClInclude Include="OfRules.h">
      <Filter>头文件</Filter>
    </ClInclude>
    <ClInclude Include="PageStateManager.h">
      <Filter>头文件</Filter>
    </ClInclude>
    <ClInclude Include="StringUtils.h">
      <Filter>头文件</Filter>
    </ClInclude>
    <ClInclude Include="BalanceRule.h">
      <Filter>头文件</Filter>
    </ClInclude>
    <ClInclude Include="Logger.h">
      <Filter>头文件</Filter>
    </ClInclude>
    <ClInclude Include="Directory.h">
      <Filter>头文件</Filter>
    </ClInclude>
  </ItemGroup>
  <ItemGroup>
    <ClCompile Include="main.cpp">
      <Filter>源文件</Filter>
    </ClCompile>
    <ClCompile Include="Page.cpp">
      <Filter>源文件</Filter>
    </ClCompile>
    <ClCompile Include="NonCopyable.cpp">
      <Filter>源文件</Filter>
    </ClCompile>
    <ClCompile Include="Db.cpp">
      <Filter>源文件</Filter>
    </ClCompile>
    <ClCompile Include="PageState.cpp">
      <Filter>源文件</Filter>
    </ClCompile>
    <ClCompile Include="DataRow.cpp">
      <Filter>源文件</Filter>
    </ClCompile>
    <ClCompile Include="Object.cpp">
      <Filter>源文件</Filter>
    </ClCompile>
    <ClCompile Include="PageCache.cpp">
      <Filter>源文件</Filter>
    </ClCompile>
    <ClCompile Include="util.c">
      <Filter>源文件</Filter>
    </ClCompile>
    <ClCompile Include="vCode.cpp">
      <Filter>源文件</Filter>
    </ClCompile>
    <ClCompile Include="vHash.cpp">
      <Filter>源文件</Filter>
    </ClCompile>
    <ClCompile Include="PageManager.cpp">
      <Filter>源文件</Filter>
    </ClCompile>
    <ClCompile Include="Btree.cpp">
      <Filter>源文件</Filter>
    </ClCompile>
    <ClCompile Include="LeafPage.cpp">
      <Filter>源文件</Filter>
    </ClCompile>
    <ClCompile Include="IndexPage.cpp">
      <Filter>源文件</Filter>
    </ClCompile>
    <ClCompile Include="OfPage.cpp">
      <Filter>源文件</Filter>
    </ClCompile>
    <ClCompile Include="Value.cpp">
      <Filter>源文件</Filter>
    </ClCompile>
    <ClCompile Include="DbFile.cpp">
      <Filter>源文件</Filter>
    </ClCompile>
    <ClCompile Include="NoCreate.cpp">
      <Filter>源文件</Filter>
    </ClCompile>
    <ClCompile Include="IndexRow.cpp">
      <Filter>源文件</Filter>
    </ClCompile>
    <ClCompile Include="OfRow.cpp">
      <Filter>源文件</Filter>
    </ClCompile>
    <ClCompile Include="String.cpp">
      <Filter>源文件</Filter>
    </ClCompile>
    <ClCompile Include="ByteOrder.cpp">
      <Filter>源文件</Filter>
    </ClCompile>
    <ClCompile Include="StrBuilder.cpp">
      <Filter>源文件</Filter>
    </ClCompile>
    <ClCompile Include="OfRules.cpp">
      <Filter>源文件</Filter>
    </ClCompile>
    <ClCompile Include="PageStateManager.cpp">
      <Filter>源文件</Filter>
    </ClCompile>
    <ClCompile Include="StringUtils.cpp">
      <Filter>源文件</Filter>
    </ClCompile>
    <ClCompile Include="BalanceRule.cpp">
      <Filter>源文件</Filter>
    </ClCompile>
    <ClCompile Include="Logger.cpp">
      <Filter>源文件</Filter>
    </ClCompile>
    <ClCompile Include="Directory.cpp">
      <Filter>源文件</Filter>
    </ClCompile>
  </ItemGroup>
  <ItemGroup>
    <Text Include="design.txt" />
    <Text Include="kvDB.txt" />
    <Text Include="btree.txt" />
  </ItemGroup>
</Project>